# This file is automatically @generated by Cargo.
# It is not intended for manual editing.
version = 3

[[package]]
name = "multipath_backoff4_mixed_both"
version = "0.1.0"
dependencies = [
 "no_heap_allocations_thread_local",
]

[[package]]
name = "no_heap_allocations_thread_local"
version = "0.1.0"
