# This file is automatically @generated by Cargo.
# It is not intended for manual editing.
[[package]]
name = "l_16_10"
version = "0.1.0"

[[package]]
name = "l_16_11"
version = "0.1.0"

[[package]]
name = "l_16_15"
version = "0.1.0"

[[package]]
name = "l_17_2"
version = "0.1.0"

[[package]]
name = "l_18_1"
version = "0.1.0"

[[package]]
name = "l_18_12"
version = "0.1.0"

[[package]]
name = "l_18_14"
version = "0.1.0"

[[package]]
name = "l_18_15"
version = "0.1.0"

[[package]]
name = "l_18_16"
version = "0.1.0"

[[package]]
name = "l_18_17"
version = "0.1.0"

[[package]]
name = "l_18_18"
version = "0.1.0"

[[package]]
name = "l_18_2"
version = "0.1.0"

[[package]]
name = "l_18_23"
version = "0.1.0"

[[package]]
name = "l_18_24"
version = "0.1.0"

[[package]]
name = "l_18_26"
version = "0.1.0"

[[package]]
name = "l_18_27"
version = "0.1.0"

[[package]]
name = "l_18_28"
version = "0.1.0"

[[package]]
name = "l_18_29"
version = "0.1.0"

[[package]]
name = "l_18_3"
version = "0.1.0"

[[package]]
name = "l_18_7"
version = "0.1.0"

[[package]]
name = "l_19_6"
version = "0.1.0"

[[package]]
name = "l_19_8"
version = "0.1.0"

